
Microsoft Visual Studio Solution File, Format Version 12.00
# Visual Studio Version 17
VisualStudioVersion = 17.14.36221.1
MinimumVisualStudioVersion = 10.0.40219.1
Project("{8BC9CEB8-8B4A-11D0-8D11-00A0C91BC942}") = "LearnOpenGL", "LearnOpenGL\LearnOpenGL.vcxproj", "{087B094C-E29A-48E9-BCFB-09862DB8DB8D}"
	ProjectSection(ProjectDependencies) = postProject
		{A517A192-EA8D-4688-B4C5-FA71396F10AD} = {A517A192-EA8D-4688-B4C5-FA71396F10AD}
	EndProjectSection
EndProject
Project("{8BC9CEB8-8B4A-11D0-8D11-00A0C91BC942}") = "glad", "include\glad\glad.vcxproj", "{A517A192-EA8D-4688-B4C5-FA71396F10AD}"
EndProject
Global
	GlobalSection(SolutionConfigurationPlatforms) = preSolution
		Debug|x64 = Debug|x64
		Release|x64 = Release|x64
	EndGlobalSection
	GlobalSection(ProjectConfigurationPlatforms) = postSolution
		{087B094C-E29A-48E9-BCFB-09862DB8DB8D}.Debug|x64.ActiveCfg = Debug|x64
		{087B094C-E29A-48E9-BCFB-09862DB8DB8D}.Debug|x64.Build.0 = Debug|x64
		{087B094C-E29A-48E9-BCFB-09862DB8DB8D}.Release|x64.ActiveCfg = Release|x64
		{087B094C-E29A-48E9-BCFB-09862DB8DB8D}.Release|x64.Build.0 = Release|x64
		{A517A192-EA8D-4688-B4C5-FA71396F10AD}.Debug|x64.ActiveCfg = Debug|x64
		{A517A192-EA8D-4688-B4C5-FA71396F10AD}.Debug|x64.Build.0 = Debug|x64
		{A517A192-EA8D-4688-B4C5-FA71396F10AD}.Release|x64.ActiveCfg = Release|x64
		{A517A192-EA8D-4688-B4C5-FA71396F10AD}.Release|x64.Build.0 = Release|x64
	EndGlobalSection
	GlobalSection(SolutionProperties) = preSolution
		HideSolutionNode = FALSE
	EndGlobalSection
	GlobalSection(ExtensibilityGlobals) = postSolution
		SolutionGuid = {B7D1D282-820B-4709-8D5C-8C979801636C}
	EndGlobalSection
EndGlobal
